
Microsoft Visual Studio Solution File, Format Version 12.00
# Visual Studio Version 17
VisualStudioVersion = 17.9.34728.123
MinimumVisualStudioVersion = 10.0.40219.1
Project("{FAE04EC0-301F-11D3-BF4B-00C04F79EFBC}") = "BlazorApp3", "BlazorApp3\BlazorApp3\BlazorApp3.csproj", "{C6444A7E-278D-4512-BFAC-A4FA98F07113}"
EndProject
Project("{FAE04EC0-301F-11D3-BF4B-00C04F79EFBC}") = "BlazorApp3.Client", "BlazorApp3\BlazorApp3.Client\BlazorApp3.Client.csproj", "{1B0F6F8F-BA99-4306-8B0A-13575C9586EB}"
EndProject
Global
	GlobalSection(SolutionConfigurationPlatforms) = preSolution
		Debug|Any CPU = Debug|Any CPU
		Release|Any CPU = Release|Any CPU
	EndGlobalSection
	GlobalSection(ProjectConfigurationPlatforms) = postSolution
		{C6444A7E-278D-4512-BFAC-A4FA98F07113}.Debug|Any CPU.ActiveCfg = Debug|Any CPU
		{C6444A7E-278D-4512-BFAC-A4FA98F07113}.Debug|Any CPU.Build.0 = Debug|Any CPU
		{C6444A7E-278D-4512-BFAC-A4FA98F07113}.Release|Any CPU.ActiveCfg = Release|Any CPU
		{C6444A7E-278D-4512-BFAC-A4FA98F07113}.Release|Any CPU.Build.0 = Release|Any CPU
		{1B0F6F8F-BA99-4306-8B0A-13575C9586EB}.Debug|Any CPU.ActiveCfg = Debug|Any CPU
		{1B0F6F8F-BA99-4306-8B0A-13575C9586EB}.Debug|Any CPU.Build.0 = Debug|Any CPU
		{1B0F6F8F-BA99-4306-8B0A-13575C9586EB}.Release|Any CPU.ActiveCfg = Release|Any CPU
		{1B0F6F8F-BA99-4306-8B0A-13575C9586EB}.Release|Any CPU.Build.0 = Release|Any CPU
	EndGlobalSection
	GlobalSection(SolutionProperties) = preSolution
		HideSolutionNode = FALSE
	EndGlobalSection
	GlobalSection(ExtensibilityGlobals) = postSolution
		SolutionGuid = {D760C483-2EA5-49C9-9590-171FDC41B6C4}
	EndGlobalSection
EndGlobal
